
Microsoft Visual Studio Solution File, Format Version 12.00
# Visual Studio 15
VisualStudioVersion = 15.0.28010.2026
MinimumVisualStudioVersion = 10.0.40219.1
Project("{E24C65DC-7377-472B-9ABA-BC803B73C61A}") = "BJ_ProjectiveView_mvpMatrix", "BJ_ProjectiveView_mvpMatrix\", "{C89671CA-298E-477E-A5C7-95659E8D04AA}"
	ProjectSection(WebsiteProperties) = preProject
		TargetFrameworkMoniker = ".NETFramework,Version%3Dv4.7.2"
		Debug.AspNetCompiler.VirtualPath = "/localhost_39339"
		Debug.AspNetCompiler.PhysicalPath = "BJ_ProjectiveView_mvpMatrix\"
		Debug.AspNetCompiler.TargetPath = "PrecompiledWeb\localhost_39339\"
		Debug.AspNetCompiler.Updateable = "true"
		Debug.AspNetCompiler.ForceOverwrite = "true"
		Debug.AspNetCompiler.FixedNames = "false"
		Debug.AspNetCompiler.Debug = "True"
		Release.AspNetCompiler.VirtualPath = "/localhost_39339"
		Release.AspNetCompiler.PhysicalPath = "BJ_ProjectiveView_mvpMatrix\"
		Release.AspNetCompiler.TargetPath = "PrecompiledWeb\localhost_39339\"
		Release.AspNetCompiler.Updateable = "true"
		Release.AspNetCompiler.ForceOverwrite = "true"
		Release.AspNetCompiler.FixedNames = "false"
		Release.AspNetCompiler.Debug = "False"
		VWDPort = "39339"
		SlnRelativePath = "BJ_ProjectiveView_mvpMatrix\"
		DefaultWebSiteLanguage = "Visual C#"
	EndProjectSection
EndProject
Global
	GlobalSection(SolutionConfigurationPlatforms) = preSolution
		Debug|Any CPU = Debug|Any CPU
	EndGlobalSection
	GlobalSection(ProjectConfigurationPlatforms) = postSolution
		{C89671CA-298E-477E-A5C7-95659E8D04AA}.Debug|Any CPU.ActiveCfg = Debug|Any CPU
		{C89671CA-298E-477E-A5C7-95659E8D04AA}.Debug|Any CPU.Build.0 = Debug|Any CPU
	EndGlobalSection
	GlobalSection(SolutionProperties) = preSolution
		HideSolutionNode = FALSE
	EndGlobalSection
	GlobalSection(ExtensibilityGlobals) = postSolution
		SolutionGuid = {7C19C35B-7E6C-4158-A2E4-E203D6FEB9A5}
	EndGlobalSection
EndGlobal
